
Microsoft Visual Studio Solution File, Format Version 11.00
# Visual Studio 2010
Project("{FAE04EC0-301F-11D3-BF4B-00C04F79EFBC}") = "BatchCrop", "BatchCrop\BatchCrop.csproj", "{6143051D-A2BD-4333-996C-4FB7D08F760D}"
EndProject
Global
	GlobalSection(SolutionConfigurationPlatforms) = preSolution
		Debug|x86 = Debug|x86
		Release|x86 = Release|x86
	EndGlobalSection
	GlobalSection(ProjectConfigurationPlatforms) = postSolution
		{6143051D-A2BD-4333-996C-4FB7D08F760D}.Debug|x86.ActiveCfg = Debug|x86
		{6143051D-A2BD-4333-996C-4FB7D08F760D}.Debug|x86.Build.0 = Debug|x86
		{6143051D-A2BD-4333-996C-4FB7D08F760D}.Release|x86.ActiveCfg = Release|x86
		{6143051D-A2BD-4333-996C-4FB7D08F760D}.Release|x86.Build.0 = Release|x86
	EndGlobalSection
	GlobalSection(SolutionProperties) = preSolution
		HideSolutionNode = FALSE
	EndGlobalSection
EndGlobal
